
Microsoft Visual Studio Solution File, Format Version 12.00
# Visual Studio 14
VisualStudioVersion = 14.0.25420.1
MinimumVisualStudioVersion = 10.0.40219.1
Project("{FAE04EC0-301F-11D3-BF4B-00C04F79EFBC}") = "ConfigManager", "ConfigManager.csproj", "{03A5AABF-532E-4703-B5AF-E34912F583BB}"
EndProject
Project("{FAE04EC0-301F-11D3-BF4B-00C04F79EFBC}") = "ConfigManager.Tests", "..\ConfigurationManager.Tests\ConfigManager.Tests.csproj", "{D74FB02C-034F-4AAF-9528-9658F56B44B0}"
EndProject
Global
	GlobalSection(SolutionConfigurationPlatforms) = preSolution
		Debug|Any CPU = Debug|Any CPU
		Release|Any CPU = Release|Any CPU
	EndGlobalSection
	GlobalSection(ProjectConfigurationPlatforms) = postSolution
		{03A5AABF-532E-4703-B5AF-E34912F583BB}.Debug|Any CPU.ActiveCfg = Debug|Any CPU
		{03A5AABF-532E-4703-B5AF-E34912F583BB}.Debug|Any CPU.Build.0 = Debug|Any CPU
		{03A5AABF-532E-4703-B5AF-E34912F583BB}.Release|Any CPU.ActiveCfg = Release|Any CPU
		{03A5AABF-532E-4703-B5AF-E34912F583BB}.Release|Any CPU.Build.0 = Release|Any CPU
		{D74FB02C-034F-4AAF-9528-9658F56B44B0}.Debug|Any CPU.ActiveCfg = Debug|Any CPU
		{D74FB02C-034F-4AAF-9528-9658F56B44B0}.Debug|Any CPU.Build.0 = Debug|Any CPU
		{D74FB02C-034F-4AAF-9528-9658F56B44B0}.Release|Any CPU.ActiveCfg = Release|Any CPU
		{D74FB02C-034F-4AAF-9528-9658F56B44B0}.Release|Any CPU.Build.0 = Release|Any CPU
	EndGlobalSection
	GlobalSection(SolutionProperties) = preSolution
		HideSolutionNode = FALSE
	EndGlobalSection
EndGlobal
